
Microsoft Visual Studio Solution File, Format Version 12.00
# Visual Studio Version 17
VisualStudioVersion = 17.3.32929.385
MinimumVisualStudioVersion = 10.0.40219.1
Project("{FAE04EC0-301F-11D3-BF4B-00C04F79EFBC}") = "NarodResolutionUtility", "NarodResolutionUtility\NarodResolutionUtility.csproj", "{2718EB5A-5D05-4F1A-B194-86DB758C7F26}"
EndProject
Global
	GlobalSection(SolutionConfigurationPlatforms) = preSolution
		Debug|Any CPU = Debug|Any CPU
		Release|Any CPU = Release|Any CPU
	EndGlobalSection
	GlobalSection(ProjectConfigurationPlatforms) = postSolution
		{2718EB5A-5D05-4F1A-B194-86DB758C7F26}.Debug|Any CPU.ActiveCfg = Debug|Any CPU
		{2718EB5A-5D05-4F1A-B194-86DB758C7F26}.Debug|Any CPU.Build.0 = Debug|Any CPU
		{2718EB5A-5D05-4F1A-B194-86DB758C7F26}.Release|Any CPU.ActiveCfg = Release|Any CPU
		{2718EB5A-5D05-4F1A-B194-86DB758C7F26}.Release|Any CPU.Build.0 = Release|Any CPU
	EndGlobalSection
	GlobalSection(SolutionProperties) = preSolution
		HideSolutionNode = FALSE
	EndGlobalSection
	GlobalSection(ExtensibilityGlobals) = postSolution
		SolutionGuid = {F39C6EF5-C1C0-4744-8976-5B4289DCE308}
	EndGlobalSection
EndGlobal
